// !$*UTF8*$!
{
	archiveVersion = 1;
	classes = {
	};
	objectVersion = 46;
	objects = {

/* Begin PBXBuildFile section */
		8F71F3E219AF859600CFD94B /* main.m in Sources */ = {isa = PBXBuildFile; fileRef = 8F71F3E119AF859600CFD94B /* main.m */; };
		8F71F3E519AF859600CFD94B /* AppDelegate.m in Sources */ = {isa = PBXBuildFile; fileRef = 8F71F3E419AF859600CFD94B /* AppDelegate.m */; };
		8F71F3E819AF859600CFD94B /* g0v_rations.xcdatamodeld in Sources */ = {isa = PBXBuildFile; fileRef = 8F71F3E619AF859600CFD94B /* g0v_rations.xcdatamodeld */; };
		8F71F3EA19AF859600CFD94B /* Images.xcassets in Resources */ = {isa = PBXBuildFile; fileRef = 8F71F3E919AF859600CFD94B /* Images.xcassets */; };
		8F71F3F619AF859600CFD94B /* g0v_rationsTests.m in Sources */ = {isa = PBXBuildFile; fileRef = 8F71F3F519AF859600CFD94B /* g0v_rationsTests.m */; };
/* End PBXBuildFile section */

/* Begin PBXContainerItemProxy section */
		8F71F3F019AF859600CFD94B /* PBXContainerItemProxy */ = {
			isa = PBXContainerItemProxy;
			containerPortal = 8F71F3D419AF859600CFD94B /* Project object */;
			proxyType = 1;
			remoteGlobalIDString = 8F71F3DB19AF859600CFD94B;
			remoteInfo = "g0v rations";
		};
/* End PBXContainerItemProxy section */

/* Begin PBXFileReference section */
		8F71F3DC19AF859600CFD94B /* g0v rations.app */ = {isa = PBXFileReference; explicitFileType = wrapper.application; includeInIndex = 0; path = "g0v rations.app"; sourceTree = BUILT_PRODUCTS_DIR; };
		8F71F3E019AF859600CFD94B /* Info.plist */ = {isa = PBXFileReference; lastKnownFileType = text.plist.xml; path = Info.plist; sourceTree = "<group>"; };
		8F71F3E119AF859600CFD94B /* main.m */ = {isa = PBXFileReference; lastKnownFileType = sourcecode.c.objc; path = main.m; sourceTree = "<group>"; };
		8F71F3E319AF859600CFD94B /* AppDelegate.h */ = {isa = PBXFileReference; lastKnownFileType = sourcecode.c.h; path = AppDelegate.h; sourceTree = "<group>"; };
		8F71F3E419AF859600CFD94B /* AppDelegate.m */ = {isa = PBXFileReference; lastKnownFileType = sourcecode.c.objc; path = AppDelegate.m; sourceTree = "<group>"; };
		8F71F3E719AF859600CFD94B /* g0v_rations.xcdatamodel */ = {isa = PBXFileReference; lastKnownFileType = wrapper.xcdatamodel; path = g0v_rations.xcdatamodel; sourceTree = "<group>"; };
		8F71F3E919AF859600CFD94B /* Images.xcassets */ = {isa = PBXFileReference; lastKnownFileType = folder.assetcatalog; path = Images.xcassets; sourceTree = "<group>"; };
		8F71F3EF19AF859600CFD94B /* g0v rationsTests.xctest */ = {isa = PBXFileReference; explicitFileType = wrapper.cfbundle; includeInIndex = 0; path = "g0v rationsTests.xctest"; sourceTree = BUILT_PRODUCTS_DIR; };
		8F71F3F419AF859600CFD94B /* Info.plist */ = {isa = PBXFileReference; lastKnownFileType = text.plist.xml; path = Info.plist; sourceTree = "<group>"; };
		8F71F3F519AF859600CFD94B /* g0v_rationsTests.m */ = {isa = PBXFileReference; lastKnownFileType = sourcecode.c.objc; path = g0v_rationsTests.m; sourceTree = "<group>"; };
/* End PBXFileReference section */

/* Begin PBXFrameworksBuildPhase section */
		8F71F3D919AF859600CFD94B /* Frameworks */ = {
			isa = PBXFrameworksBuildPhase;
			buildActionMask = 2147483647;
			files = (
			);
			runOnlyForDeploymentPostprocessing = 0;
		};
		8F71F3EC19AF859600CFD94B /* Frameworks */ = {
			isa = PBXFrameworksBuildPhase;
			buildActionMask = 2147483647;
			files = (
			);
			runOnlyForDeploymentPostprocessing = 0;
		};
/* End PBXFrameworksBuildPhase section */

/* Begin PBXGroup section */
		8F71F3D319AF859600CFD94B = {
			isa = PBXGroup;
			children = (
				8F71F3DE19AF859600CFD94B /* g0v rations */,
				8F71F3F219AF859600CFD94B /* g0v rationsTests */,
				8F71F3DD19AF859600CFD94B /* Products */,
			);
			sourceTree = "<group>";
		};
		8F71F3DD19AF859600CFD94B /* Products */ = {
			isa = PBXGroup;
			children = (
				8F71F3DC19AF859600CFD94B /* g0v rations.app */,
				8F71F3EF19AF859600CFD94B /* g0v rationsTests.xctest */,
			);
			name = Products;
			sourceTree = "<group>";
		};
		8F71F3DE19AF859600CFD94B /* g0v rations */ = {
			isa = PBXGroup;
			children = (
				8F71F3E319AF859600CFD94B /* AppDelegate.h */,
				8F71F3E419AF859600CFD94B /* AppDelegate.m */,
				8F71F3E919AF859600CFD94B /* Images.xcassets */,
				8F71F3E619AF859600CFD94B /* g0v_rations.xcdatamodeld */,
				8F71F3DF19AF859600CFD94B /* Supporting Files */,
			);
			path = "g0v rations";
			sourceTree = "<group>";
		};
		8F71F3DF19AF859600CFD94B /* Supporting Files */ = {
			isa = PBXGroup;
			children = (
				8F71F3E019AF859600CFD94B /* Info.plist */,
				8F71F3E119AF859600CFD94B /* main.m */,
			);
			name = "Supporting Files";
			sourceTree = "<group>";
		};
		8F71F3F219AF859600CFD94B /* g0v rationsTests */ = {
			isa = PBXGroup;
			children = (
				8F71F3F519AF859600CFD94B /* g0v_rationsTests.m */,
				8F71F3F319AF859600CFD94B /* Supporting Files */,
			);
			path = "g0v rationsTests";
			sourceTree = "<group>";
		};
		8F71F3F319AF859600CFD94B /* Supporting Files */ = {
			isa = PBXGroup;
			children = (
				8F71F3F419AF859600CFD94B /* Info.plist */,
			);
			name = "Supporting Files";
			sourceTree = "<group>";
		};
/* End PBXGroup section */

/* Begin PBXNativeTarget section */
		8F71F3DB19AF859600CFD94B /* g0v rations */ = {
			isa = PBXNativeTarget;
			buildConfigurationList = 8F71F3F919AF859600CFD94B /* Build configuration list for PBXNativeTarget "g0v rations" */;
			buildPhases = (
				8F71F3D819AF859600CFD94B /* Sources */,
				8F71F3D919AF859600CFD94B /* Frameworks */,
				8F71F3DA19AF859600CFD94B /* Resources */,
			);
			buildRules = (
			);
			dependencies = (
			);
			name = "g0v rations";
			productName = "g0v rations";
			productReference = 8F71F3DC19AF859600CFD94B /* g0v rations.app */;
			productType = "com.apple.product-type.application";
		};
		8F71F3EE19AF859600CFD94B /* g0v rationsTests */ = {
			isa = PBXNativeTarget;
			buildConfigurationList = 8F71F3FC19AF859600CFD94B /* Build configuration list for PBXNativeTarget "g0v rationsTests" */;
			buildPhases = (
				8F71F3EB19AF859600CFD94B /* Sources */,
				8F71F3EC19AF859600CFD94B /* Frameworks */,
				8F71F3ED19AF859600CFD94B /* Resources */,
			);
			buildRules = (
			);
			dependencies = (
				8F71F3F119AF859600CFD94B /* PBXTargetDependency */,
			);
			name = "g0v rationsTests";
			productName = "g0v rationsTests";
			productReference = 8F71F3EF19AF859600CFD94B /* g0v rationsTests.xctest */;
			productType = "com.apple.product-type.bundle.unit-test";
		};
/* End PBXNativeTarget section */

/* Begin PBXProject section */
		8F71F3D419AF859600CFD94B /* Project object */ = {
			isa = PBXProject;
			attributes = {
				LastUpgradeCheck = 0600;
				ORGANIZATIONNAME = "Leisure Design";
				TargetAttributes = {
					8F71F3DB19AF859600CFD94B = {
						CreatedOnToolsVersion = 6.0;
					};
					8F71F3EE19AF859600CFD94B = {
						CreatedOnToolsVersion = 6.0;
						TestTargetID = 8F71F3DB19AF859600CFD94B;
					};
				};
			};
			buildConfigurationList = 8F71F3D719AF859600CFD94B /* Build configuration list for PBXProject "g0v rations" */;
			compatibilityVersion = "Xcode 3.2";
			developmentRegion = English;
			hasScannedForEncodings = 0;
			knownRegions = (
				en,
			);
			mainGroup = 8F71F3D319AF859600CFD94B;
			productRefGroup = 8F71F3DD19AF859600CFD94B /* Products */;
			projectDirPath = "";
			projectRoot = "";
			targets = (
				8F71F3DB19AF859600CFD94B /* g0v rations */,
				8F71F3EE19AF859600CFD94B /* g0v rationsTests */,
			);
		};
/* End PBXProject section */

/* Begin PBXResourcesBuildPhase section */
		8F71F3DA19AF859600CFD94B /* Resources */ = {
			isa = PBXResourcesBuildPhase;
			buildActionMask = 2147483647;
			files = (
				8F71F3EA19AF859600CFD94B /* Images.xcassets in Resources */,
			);
			runOnlyForDeploymentPostprocessing = 0;
		};
		8F71F3ED19AF859600CFD94B /* Resources */ = {
			isa = PBXResourcesBuildPhase;
			buildActionMask = 2147483647;
			files = (
			);
			runOnlyForDeploymentPostprocessing = 0;
		};
/* End PBXResourcesBuildPhase section */

/* Begin PBXSourcesBuildPhase section */
		8F71F3D819AF859600CFD94B /* Sources */ = {
			isa = PBXSourcesBuildPhase;
			buildActionMask = 2147483647;
			files = (
				8F71F3E819AF859600CFD94B /* g0v_rations.xcdatamodeld in Sources */,
				8F71F3E519AF859600CFD94B /* AppDelegate.m in Sources */,
				8F71F3E219AF859600CFD94B /* main.m in Sources */,
			);
			runOnlyForDeploymentPostprocessing = 0;
		};
		8F71F3EB19AF859600CFD94B /* Sources */ = {
			isa = PBXSourcesBuildPhase;
			buildActionMask = 2147483647;
			files = (
				8F71F3F619AF859600CFD94B /* g0v_rationsTests.m in Sources */,
			);
			runOnlyForDeploymentPostprocessing = 0;
		};
/* End PBXSourcesBuildPhase section */

/* Begin PBXTargetDependency section */
		8F71F3F119AF859600CFD94B /* PBXTargetDependency */ = {
			isa = PBXTargetDependency;
			target = 8F71F3DB19AF859600CFD94B /* g0v rations */;
			targetProxy = 8F71F3F019AF859600CFD94B /* PBXContainerItemProxy */;
		};
/* End PBXTargetDependency section */

/* Begin XCBuildConfiguration section */
		8F71F3F719AF859600CFD94B /* Debug */ = {
			isa = XCBuildConfiguration;
			buildSettings = {
				ALWAYS_SEARCH_USER_PATHS = NO;
				CLANG_CXX_LANGUAGE_STANDARD = "gnu++0x";
				CLANG_CXX_LIBRARY = "libc++";
				CLANG_ENABLE_MODULES = YES;
				CLANG_ENABLE_OBJC_ARC = YES;
				CLANG_WARN_BOOL_CONVERSION = YES;
				CLANG_WARN_CONSTANT_CONVERSION = YES;
				CLANG_WARN_DIRECT_OBJC_ISA_USAGE = YES_ERROR;
				CLANG_WARN_EMPTY_BODY = YES;
				CLANG_WARN_ENUM_CONVERSION = YES;
				CLANG_WARN_INT_CONVERSION = YES;
				CLANG_WARN_OBJC_ROOT_CLASS = YES_ERROR;
				CLANG_WARN_UNREACHABLE_CODE = YES;
				CLANG_WARN__DUPLICATE_METHOD_MATCH = YES;
				"CODE_SIGN_IDENTITY[sdk=iphoneos*]" = "iPhone Developer";
				COPY_PHASE_STRIP = NO;
				ENABLE_STRICT_OBJC_MSGSEND = YES;
				GCC_C_LANGUAGE_STANDARD = gnu99;
				GCC_DYNAMIC_NO_PIC = NO;
				GCC_OPTIMIZATION_LEVEL = 0;
				GCC_PREPROCESSOR_DEFINITIONS = (
					"DEBUG=1",
					"$(inherited)",
				);
				GCC_SYMBOLS_PRIVATE_EXTERN = NO;
				GCC_WARN_64_TO_32_BIT_CONVERSION = YES;
				GCC_WARN_ABOUT_RETURN_TYPE = YES_ERROR;
				GCC_WARN_UNDECLARED_SELECTOR = YES;
				GCC_WARN_UNINITIALIZED_AUTOS = YES_AGGRESSIVE;
				GCC_WARN_UNUSED_FUNCTION = YES;
				GCC_WARN_UNUSED_VARIABLE = YES;
				IPHONEOS_DEPLOYMENT_TARGET = 8.0;
				METAL_ENABLE_DEBUG_INFO = YES;
				ONLY_ACTIVE_ARCH = YES;
				SDKROOT = iphoneos;
			};
			name = Debug;
		};
		8F71F3F819AF859600CFD94B /* Release */ = {
			isa = XCBuildConfiguration;
			buildSettings = {
				ALWAYS_SEARCH_USER_PATHS = NO;
				CLANG_CXX_LANGUAGE_STANDARD = "gnu++0x";
				CLANG_CXX_LIBRARY = "libc++";
				CLANG_ENABLE_MODULES = YES;
				CLANG_ENABLE_OBJC_ARC = YES;
				CLANG_WARN_BOOL_CONVERSION = YES;
				CLANG_WARN_CONSTANT_CONVERSION = YES;
				CLANG_WARN_DIRECT_OBJC_ISA_USAGE = YES_ERROR;
				CLANG_WARN_EMPTY_BODY = YES;
				CLANG_WARN_ENUM_CONVERSION = YES;
				CLANG_WARN_INT_CONVERSION = YES;
				CLANG_WARN_OBJC_ROOT_CLASS = YES_ERROR;
				CLANG_WARN_UNREACHABLE_CODE = YES;
				CLANG_WARN__DUPLICATE_METHOD_MATCH = YES;
				"CODE_SIGN_IDENTITY[sdk=iphoneos*]" = "iPhone Developer";
				COPY_PHASE_STRIP = YES;
				ENABLE_NS_ASSERTIONS = NO;
				ENABLE_STRICT_OBJC_MSGSEND = YES;
				GCC_C_LANGUAGE_STANDARD = gnu99;
				GCC_WARN_64_TO_32_BIT_CONVERSION = YES;
				GCC_WARN_ABOUT_RETURN_TYPE = YES_ERROR;
				GCC_WARN_UNDECLARED_SELECTOR = YES;
				GCC_WARN_UNINITIALIZED_AUTOS = YES_AGGRESSIVE;
				GCC_WARN_UNUSED_FUNCTION = YES;
				GCC_WARN_UNUSED_VARIABLE = YES;
				IPHONEOS_DEPLOYMENT_TARGET = 8.0;
				METAL_ENABLE_DEBUG_INFO = NO;
				SDKROOT = iphoneos;
				VALIDATE_PRODUCT = YES;
			};
			name = Release;
		};
		8F71F3FA19AF859600CFD94B /* Debug */ = {
			isa = XCBuildConfiguration;
			buildSettings = {
				ASSETCATALOG_COMPILER_APPICON_NAME = AppIcon;
				ASSETCATALOG_COMPILER_LAUNCHIMAGE_NAME = LaunchImage;
				INFOPLIST_FILE = "g0v rations/Info.plist";
				LD_RUNPATH_SEARCH_PATHS = "$(inherited) @executable_path/Frameworks";
				PRODUCT_NAME = "$(TARGET_NAME)";
			};
			name = Debug;
		};
		8F71F3FB19AF859600CFD94B /* Release */ = {
			isa = XCBuildConfiguration;
			buildSettings = {
				ASSETCATALOG_COMPILER_APPICON_NAME = AppIcon;
				ASSETCATALOG_COMPILER_LAUNCHIMAGE_NAME = LaunchImage;
				INFOPLIST_FILE = "g0v rations/Info.plist";
				LD_RUNPATH_SEARCH_PATHS = "$(inherited) @executable_path/Frameworks";
				PRODUCT_NAME = "$(TARGET_NAME)";
			};
			name = Release;
		};
		8F71F3FD19AF859600CFD94B /* Debug */ = {
			isa = XCBuildConfiguration;
			buildSettings = {
				BUNDLE_LOADER = "$(BUILT_PRODUCTS_DIR)/g0v rations.app/g0v rations";
				FRAMEWORK_SEARCH_PATHS = (
					"$(SDKROOT)/Developer/Library/Frameworks",
					"$(inherited)",
				);
				GCC_PREPROCESSOR_DEFINITIONS = (
					"DEBUG=1",
					"$(inherited)",
				);
				INFOPLIST_FILE = "g0v rationsTests/Info.plist";
				LD_RUNPATH_SEARCH_PATHS = "$(inherited) @executable_path/Frameworks @loader_path/Frameworks";
				METAL_ENABLE_DEBUG_INFO = YES;
				PRODUCT_NAME = "$(TARGET_NAME)";
				TEST_HOST = "$(BUNDLE_LOADER)";
			};
			name = Debug;
		};
		8F71F3FE19AF859600CFD94B /* Release */ = {
			isa = XCBuildConfiguration;
			buildSettings = {
				BUNDLE_LOADER = "$(BUILT_PRODUCTS_DIR)/g0v rations.app/g0v rations";
				FRAMEWORK_SEARCH_PATHS = (
					"$(SDKROOT)/Developer/Library/Frameworks",
					"$(inherited)",
				);
				INFOPLIST_FILE = "g0v rationsTests/Info.plist";
				LD_RUNPATH_SEARCH_PATHS = "$(inherited) @executable_path/Frameworks @loader_path/Frameworks";
				METAL_ENABLE_DEBUG_INFO = NO;
				PRODUCT_NAME = "$(TARGET_NAME)";
				TEST_HOST = "$(BUNDLE_LOADER)";
			};
			name = Release;
		};
/* End XCBuildConfiguration section */

/* Begin XCConfigurationList section */
		8F71F3D719AF859600CFD94B /* Build configuration list for PBXProject "g0v rations" */ = {
			isa = XCConfigurationList;
			buildConfigurations = (
				8F71F3F719AF859600CFD94B /* Debug */,
				8F71F3F819AF859600CFD94B /* Release */,
			);
			defaultConfigurationIsVisible = 0;
			defaultConfigurationName = Release;
		};
		8F71F3F919AF859600CFD94B /* Build configuration list for PBXNativeTarget "g0v rations" */ = {
			isa = XCConfigurationList;
			buildConfigurations = (
				8F71F3FA19AF859600CFD94B /* Debug */,
				8F71F3FB19AF859600CFD94B /* Release */,
			);
			defaultConfigurationIsVisible = 0;
		};
		8F71F3FC19AF859600CFD94B /* Build configuration list for PBXNativeTarget "g0v rationsTests" */ = {
			isa = XCConfigurationList;
			buildConfigurations = (
				8F71F3FD19AF859600CFD94B /* Debug */,
				8F71F3FE19AF859600CFD94B /* Release */,
			);
			defaultConfigurationIsVisible = 0;
		};
/* End XCConfigurationList section */

/* Begin XCVersionGroup section */
		8F71F3E619AF859600CFD94B /* g0v_rations.xcdatamodeld */ = {
			isa = XCVersionGroup;
			children = (
				8F71F3E719AF859600CFD94B /* g0v_rations.xcdatamodel */,
			);
			currentVersion = 8F71F3E719AF859600CFD94B /* g0v_rations.xcdatamodel */;
			path = g0v_rations.xcdatamodeld;
			sourceTree = "<group>";
			versionGroupType = wrapper.xcdatamodel;
		};
/* End XCVersionGroup section */
	};
	rootObject = 8F71F3D419AF859600CFD94B /* Project object */;
}
